// !$*UTF8*$!
{
	archiveVersion = 1;
	classes = {
	};
	objectVersion = 56;
	objects = {

/* Begin PBXBuildFile section */
		B13628C62A8ACE8300E705C3 /* StationMapView.swift in Sources */ = {isa = PBXBuildFile; fileRef = B13628C52A8ACE8300E705C3 /* StationMapView.swift */; };
		B13628C82A8C06EA00E705C3 /* PinIcon.swift in Sources */ = {isa = PBXBuildFile; fileRef = B13628C72A8C06EA00E705C3 /* PinIcon.swift */; };
		B13628CA2A8C075A00E705C3 /* StationInfo.swift in Sources */ = {isa = PBXBuildFile; fileRef = B13628C92A8C075A00E705C3 /* StationInfo.swift */; };
		B13628CD2A8C081B00E705C3 /* UtilityFunctions.swift in Sources */ = {isa = PBXBuildFile; fileRef = B13628CC2A8C081B00E705C3 /* UtilityFunctions.swift */; };
		B13628CF2A8C095200E705C3 /* AppInfo.swift in Sources */ = {isa = PBXBuildFile; fileRef = B13628CE2A8C095200E705C3 /* AppInfo.swift */; };
		CC136F2C2A82D5A800763CE1 /* Launch Screen.storyboard in Resources */ = {isa = PBXBuildFile; fileRef = CC136F2B2A82D5A800763CE1 /* Launch Screen.storyboard */; };
		CC136F2E2A82E5E300763CE1 /* GoogleService-Info.plist in Resources */ = {isa = PBXBuildFile; fileRef = CC136F2D2A82E5E300763CE1 /* GoogleService-Info.plist */; };
		CC136F312A82E64200763CE1 /* FirebaseAnalytics in Frameworks */ = {isa = PBXBuildFile; productRef = CC136F302A82E64200763CE1 /* FirebaseAnalytics */; };
		CC136F332A82E64200763CE1 /* FirebaseAnalyticsSwift in Frameworks */ = {isa = PBXBuildFile; productRef = CC136F322A82E64200763CE1 /* FirebaseAnalyticsSwift */; };
		CC136F362A82E74900763CE1 /* PartialSheet in Frameworks */ = {isa = PBXBuildFile; productRef = CC136F352A82E74900763CE1 /* PartialSheet */; };
		CC97CD852A81F9C6008227D4 /* AmpedApp.swift in Sources */ = {isa = PBXBuildFile; fileRef = CC97CD842A81F9C6008227D4 /* AmpedApp.swift */; };
		CC97CD872A81F9C6008227D4 /* ContentView.swift in Sources */ = {isa = PBXBuildFile; fileRef = CC97CD862A81F9C6008227D4 /* ContentView.swift */; };
		CC97CD892A81F9C7008227D4 /* Assets.xcassets in Resources */ = {isa = PBXBuildFile; fileRef = CC97CD882A81F9C7008227D4 /* Assets.xcassets */; };
		CC97CD8C2A81F9C7008227D4 /* Preview Assets.xcassets in Resources */ = {isa = PBXBuildFile; fileRef = CC97CD8B2A81F9C7008227D4 /* Preview Assets.xcassets */; };
		CC97CD932A820144008227D4 /* CitibikeAPIManager.swift in Sources */ = {isa = PBXBuildFile; fileRef = CC97CD922A820144008227D4 /* CitibikeAPIManager.swift */; };
/* End PBXBuildFile section */

/* Begin PBXFileReference section */
		B13628C52A8ACE8300E705C3 /* StationMapView.swift */ = {isa = PBXFileReference; lastKnownFileType = sourcecode.swift; path = StationMapView.swift; sourceTree = "<group>"; };
		B13628C72A8C06EA00E705C3 /* PinIcon.swift */ = {isa = PBXFileReference; lastKnownFileType = sourcecode.swift; path = PinIcon.swift; sourceTree = "<group>"; };
		B13628C92A8C075A00E705C3 /* StationInfo.swift */ = {isa = PBXFileReference; lastKnownFileType = sourcecode.swift; path = StationInfo.swift; sourceTree = "<group>"; };
		B13628CC2A8C081B00E705C3 /* UtilityFunctions.swift */ = {isa = PBXFileReference; lastKnownFileType = sourcecode.swift; path = UtilityFunctions.swift; sourceTree = "<group>"; };
		B13628CE2A8C095200E705C3 /* AppInfo.swift */ = {isa = PBXFileReference; lastKnownFileType = sourcecode.swift; path = AppInfo.swift; sourceTree = "<group>"; };
		CC136F2B2A82D5A800763CE1 /* Launch Screen.storyboard */ = {isa = PBXFileReference; lastKnownFileType = file.storyboard; path = "Launch Screen.storyboard"; sourceTree = "<group>"; };
		CC136F2D2A82E5E300763CE1 /* GoogleService-Info.plist */ = {isa = PBXFileReference; fileEncoding = 4; lastKnownFileType = text.plist.xml; path = "GoogleService-Info.plist"; sourceTree = "<group>"; };
		CC97CD812A81F9C6008227D4 /* Amped.app */ = {isa = PBXFileReference; explicitFileType = wrapper.application; includeInIndex = 0; path = Amped.app; sourceTree = BUILT_PRODUCTS_DIR; };
		CC97CD842A81F9C6008227D4 /* AmpedApp.swift */ = {isa = PBXFileReference; lastKnownFileType = sourcecode.swift; path = AmpedApp.swift; sourceTree = "<group>"; };
		CC97CD862A81F9C6008227D4 /* ContentView.swift */ = {isa = PBXFileReference; lastKnownFileType = sourcecode.swift; path = ContentView.swift; sourceTree = "<group>"; };
		CC97CD882A81F9C7008227D4 /* Assets.xcassets */ = {isa = PBXFileReference; lastKnownFileType = folder.assetcatalog; path = Assets.xcassets; sourceTree = "<group>"; };
		CC97CD8B2A81F9C7008227D4 /* Preview Assets.xcassets */ = {isa = PBXFileReference; lastKnownFileType = folder.assetcatalog; path = "Preview Assets.xcassets"; sourceTree = "<group>"; };
		CC97CD922A820144008227D4 /* CitibikeAPIManager.swift */ = {isa = PBXFileReference; lastKnownFileType = sourcecode.swift; path = CitibikeAPIManager.swift; sourceTree = "<group>"; };
/* End PBXFileReference section */

/* Begin PBXFrameworksBuildPhase section */
		CC97CD7E2A81F9C6008227D4 /* Frameworks */ = {
			isa = PBXFrameworksBuildPhase;
			buildActionMask = 2147483647;
			files = (
				CC136F362A82E74900763CE1 /* PartialSheet in Frameworks */,
				CC136F332A82E64200763CE1 /* FirebaseAnalyticsSwift in Frameworks */,
				CC136F312A82E64200763CE1 /* FirebaseAnalytics in Frameworks */,
			);
			runOnlyForDeploymentPostprocessing = 0;
		};
/* End PBXFrameworksBuildPhase section */

/* Begin PBXGroup section */
		B13628CB2A8C080800E705C3 /* Supporting Files */ = {
			isa = PBXGroup;
			children = (
				B13628CC2A8C081B00E705C3 /* UtilityFunctions.swift */,
			);
			path = "Supporting Files";
			sourceTree = "<group>";
		};
		CC97CD782A81F9C6008227D4 = {
			isa = PBXGroup;
			children = (
				CC97CD832A81F9C6008227D4 /* Amped */,
				CC97CD822A81F9C6008227D4 /* Products */,
			);
			sourceTree = "<group>";
		};
		CC97CD822A81F9C6008227D4 /* Products */ = {
			isa = PBXGroup;
			children = (
				CC97CD812A81F9C6008227D4 /* Amped.app */,
			);
			name = Products;
			sourceTree = "<group>";
		};
		CC97CD832A81F9C6008227D4 /* Amped */ = {
			isa = PBXGroup;
			children = (
				CC97CD842A81F9C6008227D4 /* AmpedApp.swift */,
				CC97CD862A81F9C6008227D4 /* ContentView.swift */,
				B13628C92A8C075A00E705C3 /* StationInfo.swift */,
				B13628CE2A8C095200E705C3 /* AppInfo.swift */,
				B13628C52A8ACE8300E705C3 /* StationMapView.swift */,
				B13628CB2A8C080800E705C3 /* Supporting Files */,
				B13628C72A8C06EA00E705C3 /* PinIcon.swift */,
				CC136F2B2A82D5A800763CE1 /* Launch Screen.storyboard */,
				CC97CD882A81F9C7008227D4 /* Assets.xcassets */,
				CC97CD922A820144008227D4 /* CitibikeAPIManager.swift */,
				CC136F2D2A82E5E300763CE1 /* GoogleService-Info.plist */,
				CC97CD8A2A81F9C7008227D4 /* Preview Content */,
			);
			path = Amped;
			sourceTree = "<group>";
		};
		CC97CD8A2A81F9C7008227D4 /* Preview Content */ = {
			isa = PBXGroup;
			children = (
				CC97CD8B2A81F9C7008227D4 /* Preview Assets.xcassets */,
			);
			path = "Preview Content";
			sourceTree = "<group>";
		};
/* End PBXGroup section */

/* Begin PBXNativeTarget section */
		CC97CD802A81F9C6008227D4 /* Amped */ = {
			isa = PBXNativeTarget;
			buildConfigurationList = CC97CD8F2A81F9C7008227D4 /* Build configuration list for PBXNativeTarget "Amped" */;
			buildPhases = (
				CC97CD7D2A81F9C6008227D4 /* Sources */,
				CC97CD7E2A81F9C6008227D4 /* Frameworks */,
				CC97CD7F2A81F9C6008227D4 /* Resources */,
			);
			buildRules = (
			);
			dependencies = (
			);
			name = Amped;
			packageProductDependencies = (
				CC136F302A82E64200763CE1 /* FirebaseAnalytics */,
				CC136F322A82E64200763CE1 /* FirebaseAnalyticsSwift */,
				CC136F352A82E74900763CE1 /* PartialSheet */,
			);
			productName = Amped;
			productReference = CC97CD812A81F9C6008227D4 /* Amped.app */;
			productType = "com.apple.product-type.application";
		};
/* End PBXNativeTarget section */

/* Begin PBXProject section */
		CC97CD792A81F9C6008227D4 /* Project object */ = {
			isa = PBXProject;
			attributes = {
				BuildIndependentTargetsInParallel = 1;
				LastSwiftUpdateCheck = 1430;
				LastUpgradeCheck = 1430;
				TargetAttributes = {
					CC97CD802A81F9C6008227D4 = {
						CreatedOnToolsVersion = 14.3.1;
					};
				};
			};
			buildConfigurationList = CC97CD7C2A81F9C6008227D4 /* Build configuration list for PBXProject "Amped" */;
			compatibilityVersion = "Xcode 14.0";
			developmentRegion = en;
			hasScannedForEncodings = 0;
			knownRegions = (
				en,
				Base,
			);
			mainGroup = CC97CD782A81F9C6008227D4;
			packageReferences = (
				CC136F2F2A82E64200763CE1 /* XCRemoteSwiftPackageReference "firebase-ios-sdk" */,
				CC136F342A82E74900763CE1 /* XCRemoteSwiftPackageReference "PartialSheet" */,
			);
			productRefGroup = CC97CD822A81F9C6008227D4 /* Products */;
			projectDirPath = "";
			projectRoot = "";
			targets = (
				CC97CD802A81F9C6008227D4 /* Amped */,
			);
		};
/* End PBXProject section */

/* Begin PBXResourcesBuildPhase section */
		CC97CD7F2A81F9C6008227D4 /* Resources */ = {
			isa = PBXResourcesBuildPhase;
			buildActionMask = 2147483647;
			files = (
				CC136F2C2A82D5A800763CE1 /* Launch Screen.storyboard in Resources */,
				CC136F2E2A82E5E300763CE1 /* GoogleService-Info.plist in Resources */,
				CC97CD8C2A81F9C7008227D4 /* Preview Assets.xcassets in Resources */,
				CC97CD892A81F9C7008227D4 /* Assets.xcassets in Resources */,
			);
			runOnlyForDeploymentPostprocessing = 0;
		};
/* End PBXResourcesBuildPhase section */

/* Begin PBXSourcesBuildPhase section */
		CC97CD7D2A81F9C6008227D4 /* Sources */ = {
			isa = PBXSourcesBuildPhase;
			buildActionMask = 2147483647;
			files = (
				CC97CD872A81F9C6008227D4 /* ContentView.swift in Sources */,
				CC97CD932A820144008227D4 /* CitibikeAPIManager.swift in Sources */,
				B13628CA2A8C075A00E705C3 /* StationInfo.swift in Sources */,
				B13628C82A8C06EA00E705C3 /* PinIcon.swift in Sources */,
				B13628C62A8ACE8300E705C3 /* StationMapView.swift in Sources */,
				B13628CF2A8C095200E705C3 /* AppInfo.swift in Sources */,
				B13628CD2A8C081B00E705C3 /* UtilityFunctions.swift in Sources */,
				CC97CD852A81F9C6008227D4 /* AmpedApp.swift in Sources */,
			);
			runOnlyForDeploymentPostprocessing = 0;
		};
/* End PBXSourcesBuildPhase section */

/* Begin XCBuildConfiguration section */
		CC97CD8D2A81F9C7008227D4 /* Debug */ = {
			isa = XCBuildConfiguration;
			buildSettings = {
				ALWAYS_SEARCH_USER_PATHS = NO;
				CLANG_ANALYZER_NONNULL = YES;
				CLANG_ANALYZER_NUMBER_OBJECT_CONVERSION = YES_AGGRESSIVE;
				CLANG_CXX_LANGUAGE_STANDARD = "gnu++20";
				CLANG_ENABLE_MODULES = YES;
				CLANG_ENABLE_OBJC_ARC = YES;
				CLANG_ENABLE_OBJC_WEAK = YES;
				CLANG_WARN_BLOCK_CAPTURE_AUTORELEASING = YES;
				CLANG_WARN_BOOL_CONVERSION = YES;
				CLANG_WARN_COMMA = YES;
				CLANG_WARN_CONSTANT_CONVERSION = YES;
				CLANG_WARN_DEPRECATED_OBJC_IMPLEMENTATIONS = YES;
				CLANG_WARN_DIRECT_OBJC_ISA_USAGE = YES_ERROR;
				CLANG_WARN_DOCUMENTATION_COMMENTS = YES;
				CLANG_WARN_EMPTY_BODY = YES;
				CLANG_WARN_ENUM_CONVERSION = YES;
				CLANG_WARN_INFINITE_RECURSION = YES;
				CLANG_WARN_INT_CONVERSION = YES;
				CLANG_WARN_NON_LITERAL_NULL_CONVERSION = YES;
				CLANG_WARN_OBJC_IMPLICIT_RETAIN_SELF = YES;
				CLANG_WARN_OBJC_LITERAL_CONVERSION = YES;
				CLANG_WARN_OBJC_ROOT_CLASS = YES_ERROR;
				CLANG_WARN_QUOTED_INCLUDE_IN_FRAMEWORK_HEADER = YES;
				CLANG_WARN_RANGE_LOOP_ANALYSIS = YES;
				CLANG_WARN_STRICT_PROTOTYPES = YES;
				CLANG_WARN_SUSPICIOUS_MOVE = YES;
				CLANG_WARN_UNGUARDED_AVAILABILITY = YES_AGGRESSIVE;
				CLANG_WARN_UNREACHABLE_CODE = YES;
				CLANG_WARN__DUPLICATE_METHOD_MATCH = YES;
				COPY_PHASE_STRIP = NO;
				DEBUG_INFORMATION_FORMAT = dwarf;
				ENABLE_STRICT_OBJC_MSGSEND = YES;
				ENABLE_TESTABILITY = YES;
				GCC_C_LANGUAGE_STANDARD = gnu11;
				GCC_DYNAMIC_NO_PIC = NO;
				GCC_NO_COMMON_BLOCKS = YES;
				GCC_OPTIMIZATION_LEVEL = 0;
				GCC_PREPROCESSOR_DEFINITIONS = (
					"DEBUG=1",
					"$(inherited)",
				);
				GCC_WARN_64_TO_32_BIT_CONVERSION = YES;
				GCC_WARN_ABOUT_RETURN_TYPE = YES_ERROR;
				GCC_WARN_UNDECLARED_SELECTOR = YES;
				GCC_WARN_UNINITIALIZED_AUTOS = YES_AGGRESSIVE;
				GCC_WARN_UNUSED_FUNCTION = YES;
				GCC_WARN_UNUSED_VARIABLE = YES;
				IPHONEOS_DEPLOYMENT_TARGET = 16.4;
				MTL_ENABLE_DEBUG_INFO = INCLUDE_SOURCE;
				MTL_FAST_MATH = YES;
				ONLY_ACTIVE_ARCH = YES;
				SDKROOT = iphoneos;
				SWIFT_ACTIVE_COMPILATION_CONDITIONS = DEBUG;
				SWIFT_OPTIMIZATION_LEVEL = "-Onone";
			};
			name = Debug;
		};
		CC97CD8E2A81F9C7008227D4 /* Release */ = {
			isa = XCBuildConfiguration;
			buildSettings = {
				ALWAYS_SEARCH_USER_PATHS = NO;
				CLANG_ANALYZER_NONNULL = YES;
				CLANG_ANALYZER_NUMBER_OBJECT_CONVERSION = YES_AGGRESSIVE;
				CLANG_CXX_LANGUAGE_STANDARD = "gnu++20";
				CLANG_ENABLE_MODULES = YES;
				CLANG_ENABLE_OBJC_ARC = YES;
				CLANG_ENABLE_OBJC_WEAK = YES;
				CLANG_WARN_BLOCK_CAPTURE_AUTORELEASING = YES;
				CLANG_WARN_BOOL_CONVERSION = YES;
				CLANG_WARN_COMMA = YES;
				CLANG_WARN_CONSTANT_CONVERSION = YES;
				CLANG_WARN_DEPRECATED_OBJC_IMPLEMENTATIONS = YES;
				CLANG_WARN_DIRECT_OBJC_ISA_USAGE = YES_ERROR;
				CLANG_WARN_DOCUMENTATION_COMMENTS = YES;
				CLANG_WARN_EMPTY_BODY = YES;
				CLANG_WARN_ENUM_CONVERSION = YES;
				CLANG_WARN_INFINITE_RECURSION = YES;
				CLANG_WARN_INT_CONVERSION = YES;
				CLANG_WARN_NON_LITERAL_NULL_CONVERSION = YES;
				CLANG_WARN_OBJC_IMPLICIT_RETAIN_SELF = YES;
				CLANG_WARN_OBJC_LITERAL_CONVERSION = YES;
				CLANG_WARN_OBJC_ROOT_CLASS = YES_ERROR;
				CLANG_WARN_QUOTED_INCLUDE_IN_FRAMEWORK_HEADER = YES;
				CLANG_WARN_RANGE_LOOP_ANALYSIS = YES;
				CLANG_WARN_STRICT_PROTOTYPES = YES;
				CLANG_WARN_SUSPICIOUS_MOVE = YES;
				CLANG_WARN_UNGUARDED_AVAILABILITY = YES_AGGRESSIVE;
				CLANG_WARN_UNREACHABLE_CODE = YES;
				CLANG_WARN__DUPLICATE_METHOD_MATCH = YES;
				COPY_PHASE_STRIP = NO;
				DEBUG_INFORMATION_FORMAT = "dwarf-with-dsym";
				ENABLE_NS_ASSERTIONS = NO;
				ENABLE_STRICT_OBJC_MSGSEND = YES;
				GCC_C_LANGUAGE_STANDARD = gnu11;
				GCC_NO_COMMON_BLOCKS = YES;
				GCC_WARN_64_TO_32_BIT_CONVERSION = YES;
				GCC_WARN_ABOUT_RETURN_TYPE = YES_ERROR;
				GCC_WARN_UNDECLARED_SELECTOR = YES;
				GCC_WARN_UNINITIALIZED_AUTOS = YES_AGGRESSIVE;
				GCC_WARN_UNUSED_FUNCTION = YES;
				GCC_WARN_UNUSED_VARIABLE = YES;
				IPHONEOS_DEPLOYMENT_TARGET = 16.4;
				MTL_ENABLE_DEBUG_INFO = NO;
				MTL_FAST_MATH = YES;
				SDKROOT = iphoneos;
				SWIFT_COMPILATION_MODE = wholemodule;
				SWIFT_OPTIMIZATION_LEVEL = "-O";
				VALIDATE_PRODUCT = YES;
			};
			name = Release;
		};
		CC97CD902A81F9C7008227D4 /* Debug */ = {
			isa = XCBuildConfiguration;
			buildSettings = {
				ASSETCATALOG_COMPILER_APPICON_NAME = AppIcon;
				ASSETCATALOG_COMPILER_GLOBAL_ACCENT_COLOR_NAME = AccentColor;
				CODE_SIGN_IDENTITY = "Apple Development";
				CODE_SIGN_STYLE = Automatic;
				CURRENT_PROJECT_VERSION = 1;
				DEVELOPMENT_ASSET_PATHS = "\"Amped/Preview Content\"";
				DEVELOPMENT_TEAM = B8C8RXSHKT;
				ENABLE_PREVIEWS = YES;
				GENERATE_INFOPLIST_FILE = YES;
				INFOPLIST_KEY_CFBundleDisplayName = Amped;
				INFOPLIST_KEY_NSLocationAlwaysAndWhenInUseUsageDescription = "We need your location to find available stations.";
				INFOPLIST_KEY_NSLocationWhenInUseUsageDescription = "We need your location to find available stations.";
				INFOPLIST_KEY_UIApplicationSceneManifest_Generation = YES;
				INFOPLIST_KEY_UIApplicationSupportsIndirectInputEvents = YES;
				INFOPLIST_KEY_UILaunchScreen_Generation = YES;
				INFOPLIST_KEY_UILaunchStoryboardName = "Launch Screen.storyboard";
				INFOPLIST_KEY_UISupportedInterfaceOrientations = UIInterfaceOrientationPortrait;
				IPHONEOS_DEPLOYMENT_TARGET = 15.0;
				LD_RUNPATH_SEARCH_PATHS = (
					"$(inherited)",
					"@executable_path/Frameworks",
				);
				MARKETING_VERSION = 1.0;
				PRODUCT_BUNDLE_IDENTIFIER = com.0x7b5.Amped;
				PRODUCT_NAME = "$(TARGET_NAME)";
				PROVISIONING_PROFILE_SPECIFIER = "";
				SWIFT_EMIT_LOC_STRINGS = YES;
				SWIFT_VERSION = 5.0;
				TARGETED_DEVICE_FAMILY = "1,2";
			};
			name = Debug;
		};
		CC97CD912A81F9C7008227D4 /* Release */ = {
			isa = XCBuildConfiguration;
			buildSettings = {
				ASSETCATALOG_COMPILER_APPICON_NAME = AppIcon;
				ASSETCATALOG_COMPILER_GLOBAL_ACCENT_COLOR_NAME = AccentColor;
				CODE_SIGN_IDENTITY = "Apple Development";
				CODE_SIGN_STYLE = Automatic;
				CURRENT_PROJECT_VERSION = 1;
				DEVELOPMENT_ASSET_PATHS = "\"Amped/Preview Content\"";
				DEVELOPMENT_TEAM = B8C8RXSHKT;
				ENABLE_PREVIEWS = YES;
				GENERATE_INFOPLIST_FILE = YES;
				INFOPLIST_KEY_CFBundleDisplayName = Amped;
				INFOPLIST_KEY_NSLocationAlwaysAndWhenInUseUsageDescription = "We need your location to find available stations.";
				INFOPLIST_KEY_NSLocationWhenInUseUsageDescription = "We need your location to find available stations.";
				INFOPLIST_KEY_UIApplicationSceneManifest_Generation = YES;
				INFOPLIST_KEY_UIApplicationSupportsIndirectInputEvents = YES;
				INFOPLIST_KEY_UILaunchScreen_Generation = YES;
				INFOPLIST_KEY_UILaunchStoryboardName = "Launch Screen.storyboard";
				INFOPLIST_KEY_UISupportedInterfaceOrientations = UIInterfaceOrientationPortrait;
				IPHONEOS_DEPLOYMENT_TARGET = 15.0;
				LD_RUNPATH_SEARCH_PATHS = (
					"$(inherited)",
					"@executable_path/Frameworks",
				);
				MARKETING_VERSION = 1.0;
				PRODUCT_BUNDLE_IDENTIFIER = com.0x7b5.Amped;
				PRODUCT_NAME = "$(TARGET_NAME)";
				PROVISIONING_PROFILE_SPECIFIER = "";
				SWIFT_EMIT_LOC_STRINGS = YES;
				SWIFT_VERSION = 5.0;
				TARGETED_DEVICE_FAMILY = "1,2";
			};
			name = Release;
		};
/* End XCBuildConfiguration section */

/* Begin XCConfigurationList section */
		CC97CD7C2A81F9C6008227D4 /* Build configuration list for PBXProject "Amped" */ = {
			isa = XCConfigurationList;
			buildConfigurations = (
				CC97CD8D2A81F9C7008227D4 /* Debug */,
				CC97CD8E2A81F9C7008227D4 /* Release */,
			);
			defaultConfigurationIsVisible = 0;
			defaultConfigurationName = Release;
		};
		CC97CD8F2A81F9C7008227D4 /* Build configuration list for PBXNativeTarget "Amped" */ = {
			isa = XCConfigurationList;
			buildConfigurations = (
				CC97CD902A81F9C7008227D4 /* Debug */,
				CC97CD912A81F9C7008227D4 /* Release */,
			);
			defaultConfigurationIsVisible = 0;
			defaultConfigurationName = Release;
		};
/* End XCConfigurationList section */

/* Begin XCRemoteSwiftPackageReference section */
		CC136F2F2A82E64200763CE1 /* XCRemoteSwiftPackageReference "firebase-ios-sdk" */ = {
			isa = XCRemoteSwiftPackageReference;
			repositoryURL = "https://github.com/firebase/firebase-ios-sdk";
			requirement = {
				kind = upToNextMajorVersion;
				minimumVersion = 10.0.0;
			};
		};
		CC136F342A82E74900763CE1 /* XCRemoteSwiftPackageReference "PartialSheet" */ = {
			isa = XCRemoteSwiftPackageReference;
			repositoryURL = "https://github.com/AndreaMiotto/PartialSheet.git";
			requirement = {
				kind = upToNextMajorVersion;
				minimumVersion = 3.0.0;
			};
		};
/* End XCRemoteSwiftPackageReference section */

/* Begin XCSwiftPackageProductDependency section */
		CC136F302A82E64200763CE1 /* FirebaseAnalytics */ = {
			isa = XCSwiftPackageProductDependency;
			package = CC136F2F2A82E64200763CE1 /* XCRemoteSwiftPackageReference "firebase-ios-sdk" */;
			productName = FirebaseAnalytics;
		};
		CC136F322A82E64200763CE1 /* FirebaseAnalyticsSwift */ = {
			isa = XCSwiftPackageProductDependency;
			package = CC136F2F2A82E64200763CE1 /* XCRemoteSwiftPackageReference "firebase-ios-sdk" */;
			productName = FirebaseAnalyticsSwift;
		};
		CC136F352A82E74900763CE1 /* PartialSheet */ = {
			isa = XCSwiftPackageProductDependency;
			package = CC136F342A82E74900763CE1 /* XCRemoteSwiftPackageReference "PartialSheet" */;
			productName = PartialSheet;
		};
/* End XCSwiftPackageProductDependency section */
	};
	rootObject = CC97CD792A81F9C6008227D4 /* Project object */;
}
